
Microsoft Visual Studio Solution File, Format Version 12.00
# Visual Studio 15
VisualStudioVersion = 15.0.28010.0
MinimumVisualStudioVersion = 10.0.40219.1
Project("{8BC9CEB8-8B4A-11D0-8D11-00A0C91BC942}") = "Visual Light Novel", "Visual Light Novel\Visual Light Novel.vcxproj", "{209D7864-818F-419A-8890-A38200C00BF9}"
EndProject
Project("{8BC9CEB8-8B4A-11D0-8D11-00A0C91BC942}") = "Visual Light Novel Engine", "Visual Light Novel Engine\Visual Light Novel Engine.vcxproj", "{C8EC7F90-88A5-4127-B32F-B74B046CBC70}"
EndProject
Project("{FAE04EC0-301F-11D3-BF4B-00C04F79EFBC}") = "Visual Light Novel Element", "Visual Light Novel Element\Visual Light Novel Element.csproj", "{9B9B79DD-97A7-42E1-AA05-E36E5F8355D2}"
EndProject
Global
	GlobalSection(Performance) = preSolution
		HasPerformanceSessions = true
	EndGlobalSection
	GlobalSection(SolutionConfigurationPlatforms) = preSolution
		Debug|Any CPU = Debug|Any CPU
		Debug|x64 = Debug|x64
		Debug|x86 = Debug|x86
		Release|Any CPU = Release|Any CPU
		Release|x64 = Release|x64
		Release|x86 = Release|x86
	EndGlobalSection
	GlobalSection(ProjectConfigurationPlatforms) = postSolution
		{209D7864-818F-419A-8890-A38200C00BF9}.Debug|Any CPU.ActiveCfg = Debug|Win32
		{209D7864-818F-419A-8890-A38200C00BF9}.Debug|x64.ActiveCfg = Debug|x64
		{209D7864-818F-419A-8890-A38200C00BF9}.Debug|x64.Build.0 = Debug|x64
		{209D7864-818F-419A-8890-A38200C00BF9}.Debug|x86.ActiveCfg = Debug|Win32
		{209D7864-818F-419A-8890-A38200C00BF9}.Debug|x86.Build.0 = Debug|Win32
		{209D7864-818F-419A-8890-A38200C00BF9}.Release|Any CPU.ActiveCfg = Release|Win32
		{209D7864-818F-419A-8890-A38200C00BF9}.Release|x64.ActiveCfg = Release|x64
		{209D7864-818F-419A-8890-A38200C00BF9}.Release|x64.Build.0 = Release|x64
		{209D7864-818F-419A-8890-A38200C00BF9}.Release|x86.ActiveCfg = Release|Win32
		{209D7864-818F-419A-8890-A38200C00BF9}.Release|x86.Build.0 = Release|Win32
		{C8EC7F90-88A5-4127-B32F-B74B046CBC70}.Debug|Any CPU.ActiveCfg = Debug|Win32
		{C8EC7F90-88A5-4127-B32F-B74B046CBC70}.Debug|x64.ActiveCfg = Debug|x64
		{C8EC7F90-88A5-4127-B32F-B74B046CBC70}.Debug|x64.Build.0 = Debug|x64
		{C8EC7F90-88A5-4127-B32F-B74B046CBC70}.Debug|x86.ActiveCfg = Debug|Win32
		{C8EC7F90-88A5-4127-B32F-B74B046CBC70}.Debug|x86.Build.0 = Debug|Win32
		{C8EC7F90-88A5-4127-B32F-B74B046CBC70}.Release|Any CPU.ActiveCfg = Release|Win32
		{C8EC7F90-88A5-4127-B32F-B74B046CBC70}.Release|x64.ActiveCfg = Release|x64
		{C8EC7F90-88A5-4127-B32F-B74B046CBC70}.Release|x64.Build.0 = Release|x64
		{C8EC7F90-88A5-4127-B32F-B74B046CBC70}.Release|x86.ActiveCfg = Release|Win32
		{C8EC7F90-88A5-4127-B32F-B74B046CBC70}.Release|x86.Build.0 = Release|Win32
		{9B9B79DD-97A7-42E1-AA05-E36E5F8355D2}.Debug|Any CPU.ActiveCfg = Debug|Any CPU
		{9B9B79DD-97A7-42E1-AA05-E36E5F8355D2}.Debug|Any CPU.Build.0 = Debug|Any CPU
		{9B9B79DD-97A7-42E1-AA05-E36E5F8355D2}.Debug|x64.ActiveCfg = Debug|Any CPU
		{9B9B79DD-97A7-42E1-AA05-E36E5F8355D2}.Debug|x64.Build.0 = Debug|Any CPU
		{9B9B79DD-97A7-42E1-AA05-E36E5F8355D2}.Debug|x86.ActiveCfg = Debug|Any CPU
		{9B9B79DD-97A7-42E1-AA05-E36E5F8355D2}.Debug|x86.Build.0 = Debug|Any CPU
		{9B9B79DD-97A7-42E1-AA05-E36E5F8355D2}.Release|Any CPU.ActiveCfg = Release|Any CPU
		{9B9B79DD-97A7-42E1-AA05-E36E5F8355D2}.Release|Any CPU.Build.0 = Release|Any CPU
		{9B9B79DD-97A7-42E1-AA05-E36E5F8355D2}.Release|x64.ActiveCfg = Release|Any CPU
		{9B9B79DD-97A7-42E1-AA05-E36E5F8355D2}.Release|x64.Build.0 = Release|Any CPU
		{9B9B79DD-97A7-42E1-AA05-E36E5F8355D2}.Release|x86.ActiveCfg = Release|Any CPU
		{9B9B79DD-97A7-42E1-AA05-E36E5F8355D2}.Release|x86.Build.0 = Release|Any CPU
	EndGlobalSection
	GlobalSection(SolutionProperties) = preSolution
		HideSolutionNode = FALSE
	EndGlobalSection
	GlobalSection(ExtensibilityGlobals) = postSolution
		SolutionGuid = {F22EAB43-485D-4CE9-AC85-5BAA50B5D447}
	EndGlobalSection
	GlobalSection(Performance) = preSolution
		HasPerformanceSessions = true
	EndGlobalSection
	GlobalSection(Performance) = preSolution
		HasPerformanceSessions = true
	EndGlobalSection
	GlobalSection(Performance) = preSolution
		HasPerformanceSessions = true
	EndGlobalSection
	GlobalSection(Performance) = preSolution
		HasPerformanceSessions = true
	EndGlobalSection
	GlobalSection(Performance) = preSolution
		HasPerformanceSessions = true
	EndGlobalSection
	GlobalSection(Performance) = preSolution
		HasPerformanceSessions = true
	EndGlobalSection
	GlobalSection(Performance) = preSolution
		HasPerformanceSessions = true
	EndGlobalSection
	GlobalSection(Performance) = preSolution
		HasPerformanceSessions = true
	EndGlobalSection
EndGlobal
