
Microsoft Visual Studio Solution File, Format Version 12.00
# Visual Studio 15
VisualStudioVersion = 15.0.28010.2046
MinimumVisualStudioVersion = 10.0.40219.1
Project("{FAE04EC0-301F-11D3-BF4B-00C04F79EFBC}") = "Visual Light Novel Element", "Visual Light Novel Element\Visual Light Novel Element.csproj", "{9B9B79DD-97A7-42E1-AA05-E36E5F8355D2}"
EndProject
Global
	GlobalSection(SolutionConfigurationPlatforms) = preSolution
		Debug|Any CPU = Debug|Any CPU
		Release|Any CPU = Release|Any CPU
	EndGlobalSection
	GlobalSection(ProjectConfigurationPlatforms) = postSolution
		{9B9B79DD-97A7-42E1-AA05-E36E5F8355D2}.Debug|Any CPU.ActiveCfg = Debug|Any CPU
		{9B9B79DD-97A7-42E1-AA05-E36E5F8355D2}.Debug|Any CPU.Build.0 = Debug|Any CPU
		{9B9B79DD-97A7-42E1-AA05-E36E5F8355D2}.Release|Any CPU.ActiveCfg = Release|Any CPU
		{9B9B79DD-97A7-42E1-AA05-E36E5F8355D2}.Release|Any CPU.Build.0 = Release|Any CPU
	EndGlobalSection
	GlobalSection(SolutionProperties) = preSolution
		HideSolutionNode = FALSE
	EndGlobalSection
	GlobalSection(ExtensibilityGlobals) = postSolution
		SolutionGuid = {06671964-12CC-4A8C-A87A-0DAD7F6251EA}
	EndGlobalSection
EndGlobal
